
Microsoft Visual Studio Solution File, Format Version 12.00
# Visual Studio Version 17
VisualStudioVersion = 17.14.36414.22 d17.14
MinimumVisualStudioVersion = 10.0.40219.1
Project("{FAE04EC0-301F-11D3-BF4B-00C04F79EFBC}") = "С#_Lab10", "С#_Lab10\С#_Lab10.csproj", "{9CE95C7C-1009-4609-B523-DAAF509AAF28}"
EndProject
Global
	GlobalSection(SolutionConfigurationPlatforms) = preSolution
		Debug|Any CPU = Debug|Any CPU
		Release|Any CPU = Release|Any CPU
	EndGlobalSection
	GlobalSection(ProjectConfigurationPlatforms) = postSolution
		{9CE95C7C-1009-4609-B523-DAAF509AAF28}.Debug|Any CPU.ActiveCfg = Debug|Any CPU
		{9CE95C7C-1009-4609-B523-DAAF509AAF28}.Debug|Any CPU.Build.0 = Debug|Any CPU
		{9CE95C7C-1009-4609-B523-DAAF509AAF28}.Release|Any CPU.ActiveCfg = Release|Any CPU
		{9CE95C7C-1009-4609-B523-DAAF509AAF28}.Release|Any CPU.Build.0 = Release|Any CPU
	EndGlobalSection
	GlobalSection(SolutionProperties) = preSolution
		HideSolutionNode = FALSE
	EndGlobalSection
	GlobalSection(ExtensibilityGlobals) = postSolution
		SolutionGuid = {647C71EF-4A01-413F-9B1F-06D1232F82A5}
	EndGlobalSection
EndGlobal
